// !$*UTF8*$!
{
	archiveVersion = 1;
	classes = {
	};
	objectVersion = 56;
	objects = {

/* Begin PBXBuildFile section */
		06389A982BA0B76500A11185 /* ChangePasswordViewController.swift in Sources */ = {isa = PBXBuildFile; fileRef = 06389A972BA0B76500A11185 /* ChangePasswordViewController.swift */; };
		063A133A2BA06C65006A9DDF /* AppInfoViewController.swift in Sources */ = {isa = PBXBuildFile; fileRef = 063A13392BA06C65006A9DDF /* AppInfoViewController.swift */; };
		063A133C2BA07C22006A9DDF /* ChangeLoginViewController.swift in Sources */ = {isa = PBXBuildFile; fileRef = 063A133B2BA07C22006A9DDF /* ChangeLoginViewController.swift */; };
		0656DB0B2BA2784200914ECF /* UIImageExtensionForResize.swift in Sources */ = {isa = PBXBuildFile; fileRef = 0656DB0A2BA2784200914ECF /* UIImageExtensionForResize.swift */; };
		065AEC202B9BC1B000DC3AE3 /* TabController.swift in Sources */ = {isa = PBXBuildFile; fileRef = 065AEC1F2B9BC1B000DC3AE3 /* TabController.swift */; };
		065AEC222B9BC21E00DC3AE3 /* HomeViewController.swift in Sources */ = {isa = PBXBuildFile; fileRef = 065AEC212B9BC21E00DC3AE3 /* HomeViewController.swift */; };
		065AEC242B9BC26000DC3AE3 /* SearchViewController.swift in Sources */ = {isa = PBXBuildFile; fileRef = 065AEC232B9BC26000DC3AE3 /* SearchViewController.swift */; };
		065AEC262B9BC2E700DC3AE3 /* UserListViewController.swift in Sources */ = {isa = PBXBuildFile; fileRef = 065AEC252B9BC2E700DC3AE3 /* UserListViewController.swift */; };
		065AEC2A2B9C9ADD00DC3AE3 /* FilmAPIController.swift in Sources */ = {isa = PBXBuildFile; fileRef = 065AEC292B9C9ADD00DC3AE3 /* FilmAPIController.swift */; };
		065CB2532B9FFDCF002575F3 /* SettingsViewController.swift in Sources */ = {isa = PBXBuildFile; fileRef = 065CB2522B9FFDCF002575F3 /* SettingsViewController.swift */; };
		0664B4AB2B9D410C003641D2 /* FilmInfoController.swift in Sources */ = {isa = PBXBuildFile; fileRef = 0664B4AA2B9D410C003641D2 /* FilmInfoController.swift */; };
		0664B4B02B9E084C003641D2 /* Cosmos in Frameworks */ = {isa = PBXBuildFile; productRef = 0664B4AF2B9E084C003641D2 /* Cosmos */; };
		06867F242B9A2CA90093216E /* LoginViewController.swift in Sources */ = {isa = PBXBuildFile; fileRef = 06867F232B9A2CA90093216E /* LoginViewController.swift */; };
		06928AB92B9CE8B90048FC1D /* SDWebImageSwiftUI in Frameworks */ = {isa = PBXBuildFile; productRef = 06928AB82B9CE8B90048FC1D /* SDWebImageSwiftUI */; };
		06B2573B2B9B32B8003E6324 /* Auth.swift in Sources */ = {isa = PBXBuildFile; fileRef = 06B2573A2B9B32B8003E6324 /* Auth.swift */; };
		06B382FE2B9A018900DF3070 /* AppDelegate.swift in Sources */ = {isa = PBXBuildFile; fileRef = 06B382FD2B9A018900DF3070 /* AppDelegate.swift */; };
		06B383002B9A018900DF3070 /* SceneDelegate.swift in Sources */ = {isa = PBXBuildFile; fileRef = 06B382FF2B9A018900DF3070 /* SceneDelegate.swift */; };
		06B383082B9A018900DF3070 /* FIlmTag.xcdatamodeld in Sources */ = {isa = PBXBuildFile; fileRef = 06B383062B9A018900DF3070 /* FIlmTag.xcdatamodeld */; };
		06B3830A2B9A018C00DF3070 /* Assets.xcassets in Resources */ = {isa = PBXBuildFile; fileRef = 06B383092B9A018C00DF3070 /* Assets.xcassets */; };
		06B3830D2B9A018C00DF3070 /* LaunchScreen.storyboard in Resources */ = {isa = PBXBuildFile; fileRef = 06B3830B2B9A018C00DF3070 /* LaunchScreen.storyboard */; };
		06B383172B9A038100DF3070 /* UIView+pin.swift in Sources */ = {isa = PBXBuildFile; fileRef = 06B383162B9A038100DF3070 /* UIView+pin.swift */; };
/* End PBXBuildFile section */

/* Begin PBXFileReference section */
		06389A972BA0B76500A11185 /* ChangePasswordViewController.swift */ = {isa = PBXFileReference; lastKnownFileType = sourcecode.swift; path = ChangePasswordViewController.swift; sourceTree = "<group>"; };
		063A13392BA06C65006A9DDF /* AppInfoViewController.swift */ = {isa = PBXFileReference; lastKnownFileType = sourcecode.swift; name = AppInfoViewController.swift; path = FilmTag/Views/AppInfoViewController.swift; sourceTree = SOURCE_ROOT; };
		063A133B2BA07C22006A9DDF /* ChangeLoginViewController.swift */ = {isa = PBXFileReference; lastKnownFileType = sourcecode.swift; name = ChangeLoginViewController.swift; path = FilmTag/Views/ChangeLoginViewController.swift; sourceTree = SOURCE_ROOT; };
		0656DB0A2BA2784200914ECF /* UIImageExtensionForResize.swift */ = {isa = PBXFileReference; lastKnownFileType = sourcecode.swift; path = UIImageExtensionForResize.swift; sourceTree = "<group>"; };
		065AEC1F2B9BC1B000DC3AE3 /* TabController.swift */ = {isa = PBXFileReference; lastKnownFileType = sourcecode.swift; name = TabController.swift; path = FIlmTag/Views/TabController.swift; sourceTree = SOURCE_ROOT; };
		065AEC212B9BC21E00DC3AE3 /* HomeViewController.swift */ = {isa = PBXFileReference; lastKnownFileType = sourcecode.swift; name = HomeViewController.swift; path = FIlmTag/Views/HomeViewController.swift; sourceTree = SOURCE_ROOT; };
		065AEC232B9BC26000DC3AE3 /* SearchViewController.swift */ = {isa = PBXFileReference; lastKnownFileType = sourcecode.swift; name = SearchViewController.swift; path = FIlmTag/Views/SearchViewController.swift; sourceTree = SOURCE_ROOT; };
		065AEC252B9BC2E700DC3AE3 /* UserListViewController.swift */ = {isa = PBXFileReference; lastKnownFileType = sourcecode.swift; name = UserListViewController.swift; path = FIlmTag/Views/UserListViewController.swift; sourceTree = SOURCE_ROOT; };
		065AEC292B9C9ADD00DC3AE3 /* FilmAPIController.swift */ = {isa = PBXFileReference; lastKnownFileType = sourcecode.swift; name = FilmAPIController.swift; path = FIlmTag/APIs/FilmAPIController.swift; sourceTree = SOURCE_ROOT; };
		065CB2522B9FFDCF002575F3 /* SettingsViewController.swift */ = {isa = PBXFileReference; lastKnownFileType = sourcecode.swift; name = SettingsViewController.swift; path = FIlmTag/Views/SettingsViewController.swift; sourceTree = SOURCE_ROOT; };
		0664B4AA2B9D410C003641D2 /* FilmInfoController.swift */ = {isa = PBXFileReference; lastKnownFileType = sourcecode.swift; name = FilmInfoController.swift; path = FIlmTag/Views/FilmInfoController.swift; sourceTree = SOURCE_ROOT; };
		06867F232B9A2CA90093216E /* LoginViewController.swift */ = {isa = PBXFileReference; lastKnownFileType = sourcecode.swift; path = LoginViewController.swift; sourceTree = "<group>"; };
		06B2573A2B9B32B8003E6324 /* Auth.swift */ = {isa = PBXFileReference; lastKnownFileType = sourcecode.swift; path = Auth.swift; sourceTree = "<group>"; };
		06B382FA2B9A018900DF3070 /* FilmTag.app */ = {isa = PBXFileReference; explicitFileType = wrapper.application; includeInIndex = 0; path = FilmTag.app; sourceTree = BUILT_PRODUCTS_DIR; };
		06B382FD2B9A018900DF3070 /* AppDelegate.swift */ = {isa = PBXFileReference; lastKnownFileType = sourcecode.swift; path = AppDelegate.swift; sourceTree = "<group>"; };
		06B382FF2B9A018900DF3070 /* SceneDelegate.swift */ = {isa = PBXFileReference; lastKnownFileType = sourcecode.swift; path = SceneDelegate.swift; sourceTree = "<group>"; };
		06B383072B9A018900DF3070 /* FIlmTag.xcdatamodel */ = {isa = PBXFileReference; lastKnownFileType = wrapper.xcdatamodel; path = FIlmTag.xcdatamodel; sourceTree = "<group>"; };
		06B383092B9A018C00DF3070 /* Assets.xcassets */ = {isa = PBXFileReference; lastKnownFileType = folder.assetcatalog; path = Assets.xcassets; sourceTree = "<group>"; };
		06B3830C2B9A018C00DF3070 /* Base */ = {isa = PBXFileReference; lastKnownFileType = file.storyboard; name = Base; path = Base.lproj/LaunchScreen.storyboard; sourceTree = "<group>"; };
		06B3830E2B9A018C00DF3070 /* Info.plist */ = {isa = PBXFileReference; lastKnownFileType = text.plist.xml; path = Info.plist; sourceTree = "<group>"; };
		06B383162B9A038100DF3070 /* UIView+pin.swift */ = {isa = PBXFileReference; lastKnownFileType = sourcecode.swift; path = "UIView+pin.swift"; sourceTree = "<group>"; };
/* End PBXFileReference section */

/* Begin PBXFrameworksBuildPhase section */
		06B382F72B9A018900DF3070 /* Frameworks */ = {
			isa = PBXFrameworksBuildPhase;
			buildActionMask = 2147483647;
			files = (
				0664B4B02B9E084C003641D2 /* Cosmos in Frameworks */,
				06928AB92B9CE8B90048FC1D /* SDWebImageSwiftUI in Frameworks */,
			);
			runOnlyForDeploymentPostprocessing = 0;
		};
/* End PBXFrameworksBuildPhase section */

/* Begin PBXGroup section */
		065CB2542BA04B7F002575F3 /* Views */ = {
			isa = PBXGroup;
			children = (
				065AEC232B9BC26000DC3AE3 /* SearchViewController.swift */,
				065AEC252B9BC2E700DC3AE3 /* UserListViewController.swift */,
				065AEC212B9BC21E00DC3AE3 /* HomeViewController.swift */,
				0664B4AA2B9D410C003641D2 /* FilmInfoController.swift */,
				065AEC1F2B9BC1B000DC3AE3 /* TabController.swift */,
				065CB2522B9FFDCF002575F3 /* SettingsViewController.swift */,
				06867F232B9A2CA90093216E /* LoginViewController.swift */,
				063A13392BA06C65006A9DDF /* AppInfoViewController.swift */,
				063A133B2BA07C22006A9DDF /* ChangeLoginViewController.swift */,
				06389A972BA0B76500A11185 /* ChangePasswordViewController.swift */,
			);
			path = Views;
			sourceTree = "<group>";
		};
		065CB2552BA04B8E002575F3 /* APIs */ = {
			isa = PBXGroup;
			children = (
				065AEC292B9C9ADD00DC3AE3 /* FilmAPIController.swift */,
				06B2573A2B9B32B8003E6324 /* Auth.swift */,
			);
			path = APIs;
			sourceTree = "<group>";
		};
		06B382F12B9A018900DF3070 = {
			isa = PBXGroup;
			children = (
				06B382FC2B9A018900DF3070 /* FIlmTag */,
				06B382FB2B9A018900DF3070 /* Products */,
			);
			sourceTree = "<group>";
		};
		06B382FB2B9A018900DF3070 /* Products */ = {
			isa = PBXGroup;
			children = (
				06B382FA2B9A018900DF3070 /* FilmTag.app */,
			);
			name = Products;
			sourceTree = "<group>";
		};
		06B382FC2B9A018900DF3070 /* FIlmTag */ = {
			isa = PBXGroup;
			children = (
				065CB2552BA04B8E002575F3 /* APIs */,
				065CB2542BA04B7F002575F3 /* Views */,
				06B382FD2B9A018900DF3070 /* AppDelegate.swift */,
				06B382FF2B9A018900DF3070 /* SceneDelegate.swift */,
				06B383092B9A018C00DF3070 /* Assets.xcassets */,
				06B3830B2B9A018C00DF3070 /* LaunchScreen.storyboard */,
				06B3830E2B9A018C00DF3070 /* Info.plist */,
				06B383062B9A018900DF3070 /* FIlmTag.xcdatamodeld */,
				06B383162B9A038100DF3070 /* UIView+pin.swift */,
				0656DB0A2BA2784200914ECF /* UIImageExtensionForResize.swift */,
			);
			path = FIlmTag;
			sourceTree = "<group>";
		};
/* End PBXGroup section */

/* Begin PBXNativeTarget section */
		06B382F92B9A018900DF3070 /* FilmTag */ = {
			isa = PBXNativeTarget;
			buildConfigurationList = 06B383112B9A018C00DF3070 /* Build configuration list for PBXNativeTarget "FilmTag" */;
			buildPhases = (
				06B382F62B9A018900DF3070 /* Sources */,
				06B382F72B9A018900DF3070 /* Frameworks */,
				06B382F82B9A018900DF3070 /* Resources */,
			);
			buildRules = (
			);
			dependencies = (
			);
			name = FilmTag;
			packageProductDependencies = (
				06928AB82B9CE8B90048FC1D /* SDWebImageSwiftUI */,
				0664B4AF2B9E084C003641D2 /* Cosmos */,
			);
			productName = FIlmTag;
			productReference = 06B382FA2B9A018900DF3070 /* FilmTag.app */;
			productType = "com.apple.product-type.application";
		};
/* End PBXNativeTarget section */

/* Begin PBXProject section */
		06B382F22B9A018900DF3070 /* Project object */ = {
			isa = PBXProject;
			attributes = {
				BuildIndependentTargetsInParallel = 1;
				LastSwiftUpdateCheck = 1520;
				LastUpgradeCheck = 1520;
				TargetAttributes = {
					06B382F92B9A018900DF3070 = {
						CreatedOnToolsVersion = 15.2;
					};
				};
			};
			buildConfigurationList = 06B382F52B9A018900DF3070 /* Build configuration list for PBXProject "FilmTag" */;
			compatibilityVersion = "Xcode 14.0";
			developmentRegion = en;
			hasScannedForEncodings = 0;
			knownRegions = (
				en,
				Base,
			);
			mainGroup = 06B382F12B9A018900DF3070;
			packageReferences = (
				06928AB72B9CE8B90048FC1D /* XCRemoteSwiftPackageReference "SDWebImageSwiftUI" */,
				0664B4AE2B9E084C003641D2 /* XCRemoteSwiftPackageReference "Cosmos" */,
			);
			productRefGroup = 06B382FB2B9A018900DF3070 /* Products */;
			projectDirPath = "";
			projectRoot = "";
			targets = (
				06B382F92B9A018900DF3070 /* FilmTag */,
			);
		};
/* End PBXProject section */

/* Begin PBXResourcesBuildPhase section */
		06B382F82B9A018900DF3070 /* Resources */ = {
			isa = PBXResourcesBuildPhase;
			buildActionMask = 2147483647;
			files = (
				06B3830D2B9A018C00DF3070 /* LaunchScreen.storyboard in Resources */,
				06B3830A2B9A018C00DF3070 /* Assets.xcassets in Resources */,
			);
			runOnlyForDeploymentPostprocessing = 0;
		};
/* End PBXResourcesBuildPhase section */

/* Begin PBXSourcesBuildPhase section */
		06B382F62B9A018900DF3070 /* Sources */ = {
			isa = PBXSourcesBuildPhase;
			buildActionMask = 2147483647;
			files = (
				065AEC242B9BC26000DC3AE3 /* SearchViewController.swift in Sources */,
				065AEC262B9BC2E700DC3AE3 /* UserListViewController.swift in Sources */,
				06867F242B9A2CA90093216E /* LoginViewController.swift in Sources */,
				0664B4AB2B9D410C003641D2 /* FilmInfoController.swift in Sources */,
				065AEC202B9BC1B000DC3AE3 /* TabController.swift in Sources */,
				06B383082B9A018900DF3070 /* FIlmTag.xcdatamodeld in Sources */,
				06B383172B9A038100DF3070 /* UIView+pin.swift in Sources */,
				065AEC222B9BC21E00DC3AE3 /* HomeViewController.swift in Sources */,
				065CB2532B9FFDCF002575F3 /* SettingsViewController.swift in Sources */,
				06389A982BA0B76500A11185 /* ChangePasswordViewController.swift in Sources */,
				063A133A2BA06C65006A9DDF /* AppInfoViewController.swift in Sources */,
				0656DB0B2BA2784200914ECF /* UIImageExtensionForResize.swift in Sources */,
				06B2573B2B9B32B8003E6324 /* Auth.swift in Sources */,
				063A133C2BA07C22006A9DDF /* ChangeLoginViewController.swift in Sources */,
				06B382FE2B9A018900DF3070 /* AppDelegate.swift in Sources */,
				06B383002B9A018900DF3070 /* SceneDelegate.swift in Sources */,
				065AEC2A2B9C9ADD00DC3AE3 /* FilmAPIController.swift in Sources */,
			);
			runOnlyForDeploymentPostprocessing = 0;
		};
/* End PBXSourcesBuildPhase section */

/* Begin PBXVariantGroup section */
		06B3830B2B9A018C00DF3070 /* LaunchScreen.storyboard */ = {
			isa = PBXVariantGroup;
			children = (
				06B3830C2B9A018C00DF3070 /* Base */,
			);
			name = LaunchScreen.storyboard;
			sourceTree = "<group>";
		};
/* End PBXVariantGroup section */

/* Begin XCBuildConfiguration section */
		06B3830F2B9A018C00DF3070 /* Debug */ = {
			isa = XCBuildConfiguration;
			buildSettings = {
				ALWAYS_SEARCH_USER_PATHS = NO;
				ASSETCATALOG_COMPILER_GENERATE_SWIFT_ASSET_SYMBOL_EXTENSIONS = YES;
				CLANG_ANALYZER_NONNULL = YES;
				CLANG_ANALYZER_NUMBER_OBJECT_CONVERSION = YES_AGGRESSIVE;
				CLANG_CXX_LANGUAGE_STANDARD = "gnu++20";
				CLANG_ENABLE_MODULES = YES;
				CLANG_ENABLE_OBJC_ARC = YES;
				CLANG_ENABLE_OBJC_WEAK = YES;
				CLANG_WARN_BLOCK_CAPTURE_AUTORELEASING = YES;
				CLANG_WARN_BOOL_CONVERSION = YES;
				CLANG_WARN_COMMA = YES;
				CLANG_WARN_CONSTANT_CONVERSION = YES;
				CLANG_WARN_DEPRECATED_OBJC_IMPLEMENTATIONS = YES;
				CLANG_WARN_DIRECT_OBJC_ISA_USAGE = YES_ERROR;
				CLANG_WARN_DOCUMENTATION_COMMENTS = YES;
				CLANG_WARN_EMPTY_BODY = YES;
				CLANG_WARN_ENUM_CONVERSION = YES;
				CLANG_WARN_INFINITE_RECURSION = YES;
				CLANG_WARN_INT_CONVERSION = YES;
				CLANG_WARN_NON_LITERAL_NULL_CONVERSION = YES;
				CLANG_WARN_OBJC_IMPLICIT_RETAIN_SELF = YES;
				CLANG_WARN_OBJC_LITERAL_CONVERSION = YES;
				CLANG_WARN_OBJC_ROOT_CLASS = YES_ERROR;
				CLANG_WARN_QUOTED_INCLUDE_IN_FRAMEWORK_HEADER = YES;
				CLANG_WARN_RANGE_LOOP_ANALYSIS = YES;
				CLANG_WARN_STRICT_PROTOTYPES = YES;
				CLANG_WARN_SUSPICIOUS_MOVE = YES;
				CLANG_WARN_UNGUARDED_AVAILABILITY = YES_AGGRESSIVE;
				CLANG_WARN_UNREACHABLE_CODE = YES;
				CLANG_WARN__DUPLICATE_METHOD_MATCH = YES;
				COPY_PHASE_STRIP = NO;
				DEBUG_INFORMATION_FORMAT = dwarf;
				ENABLE_STRICT_OBJC_MSGSEND = YES;
				ENABLE_TESTABILITY = YES;
				ENABLE_USER_SCRIPT_SANDBOXING = YES;
				GCC_C_LANGUAGE_STANDARD = gnu17;
				GCC_DYNAMIC_NO_PIC = NO;
				GCC_NO_COMMON_BLOCKS = YES;
				GCC_OPTIMIZATION_LEVEL = 0;
				GCC_PREPROCESSOR_DEFINITIONS = (
					"DEBUG=1",
					"$(inherited)",
				);
				GCC_WARN_64_TO_32_BIT_CONVERSION = YES;
				GCC_WARN_ABOUT_RETURN_TYPE = YES_ERROR;
				GCC_WARN_UNDECLARED_SELECTOR = YES;
				GCC_WARN_UNINITIALIZED_AUTOS = YES_AGGRESSIVE;
				GCC_WARN_UNUSED_FUNCTION = YES;
				GCC_WARN_UNUSED_VARIABLE = YES;
				IPHONEOS_DEPLOYMENT_TARGET = 17.2;
				LOCALIZATION_PREFERS_STRING_CATALOGS = YES;
				MTL_ENABLE_DEBUG_INFO = INCLUDE_SOURCE;
				MTL_FAST_MATH = YES;
				ONLY_ACTIVE_ARCH = YES;
				SDKROOT = iphoneos;
				SWIFT_ACTIVE_COMPILATION_CONDITIONS = "DEBUG $(inherited)";
				SWIFT_OPTIMIZATION_LEVEL = "-Onone";
			};
			name = Debug;
		};
		06B383102B9A018C00DF3070 /* Release */ = {
			isa = XCBuildConfiguration;
			buildSettings = {
				ALWAYS_SEARCH_USER_PATHS = NO;
				ASSETCATALOG_COMPILER_GENERATE_SWIFT_ASSET_SYMBOL_EXTENSIONS = YES;
				CLANG_ANALYZER_NONNULL = YES;
				CLANG_ANALYZER_NUMBER_OBJECT_CONVERSION = YES_AGGRESSIVE;
				CLANG_CXX_LANGUAGE_STANDARD = "gnu++20";
				CLANG_ENABLE_MODULES = YES;
				CLANG_ENABLE_OBJC_ARC = YES;
				CLANG_ENABLE_OBJC_WEAK = YES;
				CLANG_WARN_BLOCK_CAPTURE_AUTORELEASING = YES;
				CLANG_WARN_BOOL_CONVERSION = YES;
				CLANG_WARN_COMMA = YES;
				CLANG_WARN_CONSTANT_CONVERSION = YES;
				CLANG_WARN_DEPRECATED_OBJC_IMPLEMENTATIONS = YES;
				CLANG_WARN_DIRECT_OBJC_ISA_USAGE = YES_ERROR;
				CLANG_WARN_DOCUMENTATION_COMMENTS = YES;
				CLANG_WARN_EMPTY_BODY = YES;
				CLANG_WARN_ENUM_CONVERSION = YES;
				CLANG_WARN_INFINITE_RECURSION = YES;
				CLANG_WARN_INT_CONVERSION = YES;
				CLANG_WARN_NON_LITERAL_NULL_CONVERSION = YES;
				CLANG_WARN_OBJC_IMPLICIT_RETAIN_SELF = YES;
				CLANG_WARN_OBJC_LITERAL_CONVERSION = YES;
				CLANG_WARN_OBJC_ROOT_CLASS = YES_ERROR;
				CLANG_WARN_QUOTED_INCLUDE_IN_FRAMEWORK_HEADER = YES;
				CLANG_WARN_RANGE_LOOP_ANALYSIS = YES;
				CLANG_WARN_STRICT_PROTOTYPES = YES;
				CLANG_WARN_SUSPICIOUS_MOVE = YES;
				CLANG_WARN_UNGUARDED_AVAILABILITY = YES_AGGRESSIVE;
				CLANG_WARN_UNREACHABLE_CODE = YES;
				CLANG_WARN__DUPLICATE_METHOD_MATCH = YES;
				COPY_PHASE_STRIP = NO;
				DEBUG_INFORMATION_FORMAT = "dwarf-with-dsym";
				ENABLE_NS_ASSERTIONS = NO;
				ENABLE_STRICT_OBJC_MSGSEND = YES;
				ENABLE_USER_SCRIPT_SANDBOXING = YES;
				GCC_C_LANGUAGE_STANDARD = gnu17;
				GCC_NO_COMMON_BLOCKS = YES;
				GCC_WARN_64_TO_32_BIT_CONVERSION = YES;
				GCC_WARN_ABOUT_RETURN_TYPE = YES_ERROR;
				GCC_WARN_UNDECLARED_SELECTOR = YES;
				GCC_WARN_UNINITIALIZED_AUTOS = YES_AGGRESSIVE;
				GCC_WARN_UNUSED_FUNCTION = YES;
				GCC_WARN_UNUSED_VARIABLE = YES;
				IPHONEOS_DEPLOYMENT_TARGET = 17.2;
				LOCALIZATION_PREFERS_STRING_CATALOGS = YES;
				MTL_ENABLE_DEBUG_INFO = NO;
				MTL_FAST_MATH = YES;
				SDKROOT = iphoneos;
				SWIFT_COMPILATION_MODE = wholemodule;
				VALIDATE_PRODUCT = YES;
			};
			name = Release;
		};
		06B383122B9A018C00DF3070 /* Debug */ = {
			isa = XCBuildConfiguration;
			buildSettings = {
				ASSETCATALOG_COMPILER_APPICON_NAME = AppIcon;
				ASSETCATALOG_COMPILER_GLOBAL_ACCENT_COLOR_NAME = AccentColor;
				CODE_SIGN_STYLE = Automatic;
				CURRENT_PROJECT_VERSION = 1;
				DEVELOPMENT_TEAM = LP6FF36MS7;
				ENABLE_ON_DEMAND_RESOURCES = NO;
				ENABLE_USER_SCRIPT_SANDBOXING = NO;
				GENERATE_INFOPLIST_FILE = YES;
				INFOPLIST_FILE = FIlmTag/Info.plist;
				INFOPLIST_KEY_UIApplicationSupportsIndirectInputEvents = YES;
				INFOPLIST_KEY_UILaunchStoryboardName = LaunchScreen;
				INFOPLIST_KEY_UIMainStoryboardFile = "";
				INFOPLIST_KEY_UISupportedInterfaceOrientations_iPad = "UIInterfaceOrientationPortrait UIInterfaceOrientationPortraitUpsideDown UIInterfaceOrientationLandscapeLeft UIInterfaceOrientationLandscapeRight";
				INFOPLIST_KEY_UISupportedInterfaceOrientations_iPhone = "UIInterfaceOrientationPortrait UIInterfaceOrientationLandscapeLeft UIInterfaceOrientationLandscapeRight";
				LD_RUNPATH_SEARCH_PATHS = (
					"$(inherited)",
					"@executable_path/Frameworks",
				);
				MARKETING_VERSION = 1.0;
				PRODUCT_BUNDLE_IDENTIFIER = br3nd4nt.FilmTag;
				PRODUCT_NAME = "$(TARGET_NAME)";
				SWIFT_EMIT_LOC_STRINGS = YES;
				SWIFT_VERSION = 5.0;
				TARGETED_DEVICE_FAMILY = "1,2";
			};
			name = Debug;
		};
		06B383132B9A018C00DF3070 /* Release */ = {
			isa = XCBuildConfiguration;
			buildSettings = {
				ASSETCATALOG_COMPILER_APPICON_NAME = AppIcon;
				ASSETCATALOG_COMPILER_GLOBAL_ACCENT_COLOR_NAME = AccentColor;
				CODE_SIGN_STYLE = Automatic;
				CURRENT_PROJECT_VERSION = 1;
				DEVELOPMENT_TEAM = LP6FF36MS7;
				ENABLE_ON_DEMAND_RESOURCES = NO;
				ENABLE_USER_SCRIPT_SANDBOXING = NO;
				GENERATE_INFOPLIST_FILE = YES;
				INFOPLIST_FILE = FIlmTag/Info.plist;
				INFOPLIST_KEY_UIApplicationSupportsIndirectInputEvents = YES;
				INFOPLIST_KEY_UILaunchStoryboardName = LaunchScreen;
				INFOPLIST_KEY_UIMainStoryboardFile = "";
				INFOPLIST_KEY_UISupportedInterfaceOrientations_iPad = "UIInterfaceOrientationPortrait UIInterfaceOrientationPortraitUpsideDown UIInterfaceOrientationLandscapeLeft UIInterfaceOrientationLandscapeRight";
				INFOPLIST_KEY_UISupportedInterfaceOrientations_iPhone = "UIInterfaceOrientationPortrait UIInterfaceOrientationLandscapeLeft UIInterfaceOrientationLandscapeRight";
				LD_RUNPATH_SEARCH_PATHS = (
					"$(inherited)",
					"@executable_path/Frameworks",
				);
				MARKETING_VERSION = 1.0;
				PRODUCT_BUNDLE_IDENTIFIER = br3nd4nt.FilmTag;
				PRODUCT_NAME = "$(TARGET_NAME)";
				SWIFT_EMIT_LOC_STRINGS = YES;
				SWIFT_VERSION = 5.0;
				TARGETED_DEVICE_FAMILY = "1,2";
			};
			name = Release;
		};
/* End XCBuildConfiguration section */

/* Begin XCConfigurationList section */
		06B382F52B9A018900DF3070 /* Build configuration list for PBXProject "FilmTag" */ = {
			isa = XCConfigurationList;
			buildConfigurations = (
				06B3830F2B9A018C00DF3070 /* Debug */,
				06B383102B9A018C00DF3070 /* Release */,
			);
			defaultConfigurationIsVisible = 0;
			defaultConfigurationName = Release;
		};
		06B383112B9A018C00DF3070 /* Build configuration list for PBXNativeTarget "FilmTag" */ = {
			isa = XCConfigurationList;
			buildConfigurations = (
				06B383122B9A018C00DF3070 /* Debug */,
				06B383132B9A018C00DF3070 /* Release */,
			);
			defaultConfigurationIsVisible = 0;
			defaultConfigurationName = Release;
		};
/* End XCConfigurationList section */

/* Begin XCRemoteSwiftPackageReference section */
		0664B4AE2B9E084C003641D2 /* XCRemoteSwiftPackageReference "Cosmos" */ = {
			isa = XCRemoteSwiftPackageReference;
			repositoryURL = "https://github.com/evgenyneu/Cosmos";
			requirement = {
				kind = upToNextMajorVersion;
				minimumVersion = 25.0.1;
			};
		};
		06928AB72B9CE8B90048FC1D /* XCRemoteSwiftPackageReference "SDWebImageSwiftUI" */ = {
			isa = XCRemoteSwiftPackageReference;
			repositoryURL = "https://github.com/SDWebImage/SDWebImageSwiftUI";
			requirement = {
				kind = upToNextMajorVersion;
				minimumVersion = 3.0.0;
			};
		};
/* End XCRemoteSwiftPackageReference section */

/* Begin XCSwiftPackageProductDependency section */
		0664B4AF2B9E084C003641D2 /* Cosmos */ = {
			isa = XCSwiftPackageProductDependency;
			package = 0664B4AE2B9E084C003641D2 /* XCRemoteSwiftPackageReference "Cosmos" */;
			productName = Cosmos;
		};
		06928AB82B9CE8B90048FC1D /* SDWebImageSwiftUI */ = {
			isa = XCSwiftPackageProductDependency;
			package = 06928AB72B9CE8B90048FC1D /* XCRemoteSwiftPackageReference "SDWebImageSwiftUI" */;
			productName = SDWebImageSwiftUI;
		};
/* End XCSwiftPackageProductDependency section */

/* Begin XCVersionGroup section */
		06B383062B9A018900DF3070 /* FIlmTag.xcdatamodeld */ = {
			isa = XCVersionGroup;
			children = (
				06B383072B9A018900DF3070 /* FIlmTag.xcdatamodel */,
			);
			currentVersion = 06B383072B9A018900DF3070 /* FIlmTag.xcdatamodel */;
			path = FIlmTag.xcdatamodeld;
			sourceTree = "<group>";
			versionGroupType = wrapper.xcdatamodel;
		};
/* End XCVersionGroup section */
	};
	rootObject = 06B382F22B9A018900DF3070 /* Project object */;
}
